{
  "name": "xterm-benchmark",
  "version": "0.3.1",
  "lockfileVersion": 3,
  "requires": true,
  "packages": {
    "": {
      "version": "0.3.1",
      "license": "MIT",
      "dependencies": {
        "@types/app-root-path": "^1.2.4",
        "@types/cli-table": "^0.3.0",
        "@types/mathjs": "^6.0.11",
        "@types/mocha": "^8.2.1",
        "@types/node": "^12.12.37",
        "@types/puppeteer": "^5.4.3",
        "app-root-path": "^3.0.0",
        "cli-table": "^0.3.6",
        "columnify": "^1.5.4",
        "commander": "^6.2.1",
        "mathjs": "^15.2.0",
        "typescript": "^4.2.3"
      },
      "bin": {
        "xterm-benchmark": "lib/cli.js"
      }
    },
    "node_modules/@babel/runtime": {
      "version": "7.29.2",
      "resolved": "https://registry.npmjs.org/@babel/runtime/-/runtime-7.29.2.tgz",
      "integrity": "sha512-JiDShH45zKHWyGe4ZNVRrCjBz8Nh9TMmZG1kh4QTK8hCBTWBi8Da+i7s1fJw7/lYpM4ccepSNfqzZ/QvABBi5g==",
      "license": "MIT",
      "engines": {
        "node": ">=6.9.0"
      }
    },
    "node_modules/@types/app-root-path": {
      "version": "1.2.4",
      "resolved": "http://registry.npmjs.org/@types/app-root-path/-/app-root-path-1.2.4.tgz",
      "integrity": "sha1-p4twMoKzKsVN52j1US7MNWmRncc="
    },
    "node_modules/@types/cli-table": {
      "version": "0.3.0",
      "resolved": "https://registry.npmjs.org/@types/cli-table/-/cli-table-0.3.0.tgz",
      "integrity": "sha512-QnZUISJJXyhyD6L1e5QwXDV/A5i2W1/gl6D6YMc8u0ncPepbv/B4w3S+izVvtAg60m6h+JP09+Y/0zF2mojlFQ=="
    },
    "node_modules/@types/mathjs": {
      "version": "6.0.11",
      "resolved": "https://registry.npmjs.org/@types/mathjs/-/mathjs-6.0.11.tgz",
      "integrity": "sha512-q9B8ZreO41L38iTY76bCZEtAqzeRs4mNIOZpZ1sLSlcYgvgfFrnf8y8qfmas0tVWrsODjmQbQJFD6RJJJCqJbQ==",
      "dependencies": {
        "decimal.js": "^10.0.0"
      }
    },
    "node_modules/@types/mocha": {
      "version": "8.2.1",
      "resolved": "https://registry.npmjs.org/@types/mocha/-/mocha-8.2.1.tgz",
      "integrity": "sha512-NysN+bNqj6E0Hv4CTGWSlPzMW6vTKjDpOteycDkV4IWBsO+PU48JonrPzV9ODjiI2XrjmA05KInLgF5ivZ/YGQ=="
    },
    "node_modules/@types/node": {
      "version": "12.12.37",
      "resolved": "https://registry.npmjs.org/@types/node/-/node-12.12.37.tgz",
      "integrity": "sha512-4mXKoDptrXAwZErQHrLzpe0FN/0Wmf5JRniSVIdwUrtDf9wnmEV1teCNLBo/TwuXhkK/bVegoEn/wmb+x0AuPg=="
    },
    "node_modules/@types/puppeteer": {
      "version": "5.4.3",
      "resolved": "https://registry.npmjs.org/@types/puppeteer/-/puppeteer-5.4.3.tgz",
      "integrity": "sha512-3nE8YgR9DIsgttLW+eJf6mnXxq8Ge+27m5SU3knWmrlfl6+KOG0Bf9f7Ua7K+C4BnaTMAh3/UpySqdAYvrsvjg==",
      "dependencies": {
        "@types/node": "*"
      }
    },
    "node_modules/ansi-regex": {
      "version": "2.1.1",
      "resolved": "https://registry.npmjs.org/ansi-regex/-/ansi-regex-2.1.1.tgz",
      "integrity": "sha1-w7M6te42DYbg5ijwRorn7yfWVN8=",
      "engines": {
        "node": ">=0.10.0"
      }
    },
    "node_modules/app-root-path": {
      "version": "3.0.0",
      "resolved": "https://registry.npmjs.org/app-root-path/-/app-root-path-3.0.0.tgz",
      "integrity": "sha512-qMcx+Gy2UZynHjOHOIXPNvpf+9cjvk3cWrBBK7zg4gH9+clobJRb9NGzcT7mQTcV/6Gm/1WelUtqxVXnNlrwcw==",
      "engines": {
        "node": ">= 6.0.0"
      }
    },
    "node_modules/cli-table": {
      "version": "0.3.6",
      "resolved": "https://registry.npmjs.org/cli-table/-/cli-table-0.3.6.tgz",
      "integrity": "sha512-ZkNZbnZjKERTY5NwC2SeMeLeifSPq/pubeRoTpdr3WchLlnZg6hEgvHkK5zL7KNFdd9PmHN8lxrENUwI3cE8vQ==",
      "dependencies": {
        "colors": "1.0.3"
      },
      "engines": {
        "node": ">= 0.2.0"
      }
    },
    "node_modules/cli-table/node_modules/colors": {
      "version": "1.0.3",
      "resolved": "https://registry.npmjs.org/colors/-/colors-1.0.3.tgz",
      "integrity": "sha1-BDP0TYCWgP3rYO0mDxsMJi6CpAs=",
      "engines": {
        "node": ">=0.1.90"
      }
    },
    "node_modules/clone": {
      "version": "1.0.4",
      "resolved": "https://registry.npmjs.org/clone/-/clone-1.0.4.tgz",
      "integrity": "sha1-2jCcwmPfFZlMaIypAheco8fNfH4=",
      "engines": {
        "node": ">=0.8"
      }
    },
    "node_modules/columnify": {
      "version": "1.5.4",
      "resolved": "https://registry.npmjs.org/columnify/-/columnify-1.5.4.tgz",
      "integrity": "sha1-Rzfd8ce2mop8NAVweC6UfuyOeLs=",
      "dependencies": {
        "strip-ansi": "^3.0.0",
        "wcwidth": "^1.0.0"
      }
    },
    "node_modules/commander": {
      "version": "6.2.1",
      "resolved": "https://registry.npmjs.org/commander/-/commander-6.2.1.tgz",
      "integrity": "sha512-U7VdrJFnJgo4xjrHpTzu0yrHPGImdsmD95ZlgYSEajAn2JKzDhDTPG9kBTefmObL2w/ngeZnilk+OV9CG3d7UA==",
      "engines": {
        "node": ">= 6"
      }
    },
    "node_modules/complex.js": {
      "version": "2.4.3",
      "resolved": "https://registry.npmjs.org/complex.js/-/complex.js-2.4.3.tgz",
      "integrity": "sha512-UrQVSUur14tNX6tiP4y8T4w4FeJAX3bi2cIv0pu/DTLFNxoq7z2Yh83Vfzztj6Px3X/lubqQ9IrPp7Bpn6p4MQ==",
      "license": "MIT",
      "engines": {
        "node": "*"
      },
      "funding": {
        "type": "github",
        "url": "https://github.com/sponsors/rawify"
      }
    },
    "node_modules/decimal.js": {
      "version": "10.6.0",
      "resolved": "https://registry.npmjs.org/decimal.js/-/decimal.js-10.6.0.tgz",
      "integrity": "sha512-YpgQiITW3JXGntzdUmyUR1V812Hn8T1YVXhCu+wO3OpS4eU9l4YdD3qjyiKdV6mvV29zapkMeD390UVEf2lkUg==",
      "license": "MIT"
    },
    "node_modules/defaults": {
      "version": "1.0.3",
      "resolved": "https://registry.npmjs.org/defaults/-/defaults-1.0.3.tgz",
      "integrity": "sha1-xlYFHpgX2f8I7YgUd/P+QBnz730=",
      "dependencies": {
        "clone": "^1.0.2"
      }
    },
    "node_modules/escape-latex": {
      "version": "1.2.0",
      "resolved": "https://registry.npmjs.org/escape-latex/-/escape-latex-1.2.0.tgz",
      "integrity": "sha512-nV5aVWW1K0wEiUIEdZ4erkGGH8mDxGyxSeqPzRNtWP7ataw+/olFObw7hujFWlVjNsaDFw5VZ5NzVSIqRgfTiw=="
    },
    "node_modules/fraction.js": {
      "version": "5.3.4",
      "resolved": "https://registry.npmjs.org/fraction.js/-/fraction.js-5.3.4.tgz",
      "integrity": "sha512-1X1NTtiJphryn/uLQz3whtY6jK3fTqoE3ohKs0tT+Ujr1W59oopxmoEh7Lu5p6vBaPbgoM0bzveAW4Qi5RyWDQ==",
      "license": "MIT",
      "engines": {
        "node": "*"
      },
      "funding": {
        "type": "github",
        "url": "https://github.com/sponsors/rawify"
      }
    },
    "node_modules/javascript-natural-sort": {
      "version": "0.7.1",
      "resolved": "https://registry.npmjs.org/javascript-natural-sort/-/javascript-natural-sort-0.7.1.tgz",
      "integrity": "sha1-+eIwPUUH9tdDVac2ZNFED7Wg71k="
    },
    "node_modules/mathjs": {
      "version": "15.2.0",
      "resolved": "https://registry.npmjs.org/mathjs/-/mathjs-15.2.0.tgz",
      "integrity": "sha512-UAQzSVob9rNLdGpqcFMYmSu9dkuLYy7Lr2hBEQS5SHQdknA9VppJz3cy2KkpMzTODunad6V6cNv+5kOLsePLow==",
      "license": "Apache-2.0",
      "dependencies": {
        "@babel/runtime": "^7.26.10",
        "complex.js": "^2.2.5",
        "decimal.js": "^10.4.3",
        "escape-latex": "^1.2.0",
        "fraction.js": "^5.2.1",
        "javascript-natural-sort": "^0.7.1",
        "seedrandom": "^3.0.5",
        "tiny-emitter": "^2.1.0",
        "typed-function": "^4.2.1"
      },
      "bin": {
        "mathjs": "bin/cli.js"
      },
      "engines": {
        "node": ">= 18"
      }
    },
    "node_modules/seedrandom": {
      "version": "3.0.5",
      "resolved": "https://registry.npmjs.org/seedrandom/-/seedrandom-3.0.5.tgz",
      "integrity": "sha512-8OwmbklUNzwezjGInmZ+2clQmExQPvomqjL7LFqOYqtmuxRgQYqOD3mHaU+MvZn5FLUeVxVfQjwLZW/n/JFuqg=="
    },
    "node_modules/strip-ansi": {
      "version": "3.0.1",
      "resolved": "https://registry.npmjs.org/strip-ansi/-/strip-ansi-3.0.1.tgz",
      "integrity": "sha1-ajhfuIU9lS1f8F0Oiq+UJ43GPc8=",
      "dependencies": {
        "ansi-regex": "^2.0.0"
      },
      "engines": {
        "node": ">=0.10.0"
      }
    },
    "node_modules/tiny-emitter": {
      "version": "2.1.0",
      "resolved": "https://registry.npmjs.org/tiny-emitter/-/tiny-emitter-2.1.0.tgz",
      "integrity": "sha512-NB6Dk1A9xgQPMoGqC5CVXn123gWyte215ONT5Pp5a0yt4nlEoO1ZWeCwpncaekPHXO60i47ihFnZPiRPjRMq4Q=="
    },
    "node_modules/typed-function": {
      "version": "4.2.2",
      "resolved": "https://registry.npmjs.org/typed-function/-/typed-function-4.2.2.tgz",
      "integrity": "sha512-VwaXim9Gp1bngi/q3do8hgttYn2uC3MoT/gfuMWylnj1IeZBUAyPddHZlo1K05BDoj8DYPpMdiHqH1dDYdJf2A==",
      "license": "MIT",
      "engines": {
        "node": ">= 18"
      }
    },
    "node_modules/typescript": {
      "version": "4.2.3",
      "resolved": "https://registry.npmjs.org/typescript/-/typescript-4.2.3.tgz",
      "integrity": "sha512-qOcYwxaByStAWrBf4x0fibwZvMRG+r4cQoTjbPtUlrWjBHbmCAww1i448U0GJ+3cNNEtebDteo/cHOR3xJ4wEw==",
      "bin": {
        "tsc": "bin/tsc",
        "tsserver": "bin/tsserver"
      },
      "engines": {
        "node": ">=4.2.0"
      }
    },
    "node_modules/wcwidth": {
      "version": "1.0.1",
      "resolved": "https://registry.npmjs.org/wcwidth/-/wcwidth-1.0.1.tgz",
      "integrity": "sha1-8LDc+RW8X/FSivrbLA4XtTLaL+g=",
      "dependencies": {
        "defaults": "^1.0.3"
      }
    }
  }
}
